// !$*UTF8*$!
{
	archiveVersion = 1;
	classes = {
	};
	objectVersion = 46;
	objects = {

/* Begin PBXBuildFile section */
		701C253EEBF54C9AA4C318E5 /* Pods_PhotoBrowser.framework in Frameworks */ = {isa = PBXBuildFile; fileRef = 3CBFE55F29E989EF156794CA /* Pods_PhotoBrowser.framework */; };
		8386D5D91D522CB100C7B98F /* AppDelegate.swift in Sources */ = {isa = PBXBuildFile; fileRef = 8386D5D81D522CB100C7B98F /* AppDelegate.swift */; };
		8386D5DE1D522CB100C7B98F /* Main.storyboard in Resources */ = {isa = PBXBuildFile; fileRef = 8386D5DC1D522CB100C7B98F /* Main.storyboard */; };
		8386D5E01D522CB100C7B98F /* Assets.xcassets in Resources */ = {isa = PBXBuildFile; fileRef = 8386D5DF1D522CB100C7B98F /* Assets.xcassets */; };
		8386D5E31D522CB100C7B98F /* LaunchScreen.storyboard in Resources */ = {isa = PBXBuildFile; fileRef = 8386D5E11D522CB100C7B98F /* LaunchScreen.storyboard */; };
		8386D5F51D525C5700C7B98F /* CDH_NetWorkTools.swift in Sources */ = {isa = PBXBuildFile; fileRef = 8386D5F41D525C5700C7B98F /* CDH_NetWorkTools.swift */; };
		8386D5FC1D5262F400C7B98F /* CDH_HomeViewController.swift in Sources */ = {isa = PBXBuildFile; fileRef = 8386D5F81D5262F400C7B98F /* CDH_HomeViewController.swift */; };
		8386D5FD1D5262F400C7B98F /* CDH_HomeCollectionViewLayout.swift in Sources */ = {isa = PBXBuildFile; fileRef = 8386D5FB1D5262F400C7B98F /* CDH_HomeCollectionViewLayout.swift */; };
		8386D5FF1D52631200C7B98F /* CDH_ShopItem.swift in Sources */ = {isa = PBXBuildFile; fileRef = 8386D5FE1D52631200C7B98F /* CDH_ShopItem.swift */; };
		8386D6011D52654F00C7B98F /* CDH_HomeCollectionViewCell.swift in Sources */ = {isa = PBXBuildFile; fileRef = 8386D6001D52654F00C7B98F /* CDH_HomeCollectionViewCell.swift */; };
		8386D6061D52C73200C7B98F /* CDH_PhotoBrowserController.swift in Sources */ = {isa = PBXBuildFile; fileRef = 8386D6051D52C73200C7B98F /* CDH_PhotoBrowserController.swift */; };
		8386D6081D52C78300C7B98F /* CDH_PhotoBrowserLayout.swift in Sources */ = {isa = PBXBuildFile; fileRef = 8386D6071D52C78300C7B98F /* CDH_PhotoBrowserLayout.swift */; };
		8386D60A1D52D51B00C7B98F /* CDH_PhotoBrowserCell.swift in Sources */ = {isa = PBXBuildFile; fileRef = 8386D6091D52D51B00C7B98F /* CDH_PhotoBrowserCell.swift */; };
		8386D6631D54D18900C7B98F /* CDH_PhotoBrowserAnimator.swift in Sources */ = {isa = PBXBuildFile; fileRef = 8386D6621D54D18900C7B98F /* CDH_PhotoBrowserAnimator.swift */; };
/* End PBXBuildFile section */

/* Begin PBXFileReference section */
		3CBFE55F29E989EF156794CA /* Pods_PhotoBrowser.framework */ = {isa = PBXFileReference; explicitFileType = wrapper.framework; includeInIndex = 0; path = Pods_PhotoBrowser.framework; sourceTree = BUILT_PRODUCTS_DIR; };
		8386D5D51D522CB100C7B98F /* PhotoBrowser.app */ = {isa = PBXFileReference; explicitFileType = wrapper.application; includeInIndex = 0; path = PhotoBrowser.app; sourceTree = BUILT_PRODUCTS_DIR; };
		8386D5D81D522CB100C7B98F /* AppDelegate.swift */ = {isa = PBXFileReference; lastKnownFileType = sourcecode.swift; path = AppDelegate.swift; sourceTree = "<group>"; };
		8386D5DD1D522CB100C7B98F /* Base */ = {isa = PBXFileReference; lastKnownFileType = file.storyboard; name = Base; path = Base.lproj/Main.storyboard; sourceTree = "<group>"; };
		8386D5DF1D522CB100C7B98F /* Assets.xcassets */ = {isa = PBXFileReference; lastKnownFileType = folder.assetcatalog; path = Assets.xcassets; sourceTree = "<group>"; };
		8386D5E21D522CB100C7B98F /* Base */ = {isa = PBXFileReference; lastKnownFileType = file.storyboard; name = Base; path = Base.lproj/LaunchScreen.storyboard; sourceTree = "<group>"; };
		8386D5E41D522CB100C7B98F /* Info.plist */ = {isa = PBXFileReference; lastKnownFileType = text.plist.xml; path = Info.plist; sourceTree = "<group>"; };
		8386D5F41D525C5700C7B98F /* CDH_NetWorkTools.swift */ = {isa = PBXFileReference; fileEncoding = 4; lastKnownFileType = sourcecode.swift; path = CDH_NetWorkTools.swift; sourceTree = "<group>"; };
		8386D5F81D5262F400C7B98F /* CDH_HomeViewController.swift */ = {isa = PBXFileReference; fileEncoding = 4; lastKnownFileType = sourcecode.swift; path = CDH_HomeViewController.swift; sourceTree = "<group>"; };
		8386D5FB1D5262F400C7B98F /* CDH_HomeCollectionViewLayout.swift */ = {isa = PBXFileReference; fileEncoding = 4; lastKnownFileType = sourcecode.swift; path = CDH_HomeCollectionViewLayout.swift; sourceTree = "<group>"; };
		8386D5FE1D52631200C7B98F /* CDH_ShopItem.swift */ = {isa = PBXFileReference; fileEncoding = 4; lastKnownFileType = sourcecode.swift; path = CDH_ShopItem.swift; sourceTree = "<group>"; };
		8386D6001D52654F00C7B98F /* CDH_HomeCollectionViewCell.swift */ = {isa = PBXFileReference; fileEncoding = 4; lastKnownFileType = sourcecode.swift; path = CDH_HomeCollectionViewCell.swift; sourceTree = "<group>"; };
		8386D6051D52C73200C7B98F /* CDH_PhotoBrowserController.swift */ = {isa = PBXFileReference; fileEncoding = 4; lastKnownFileType = sourcecode.swift; path = CDH_PhotoBrowserController.swift; sourceTree = "<group>"; };
		8386D6071D52C78300C7B98F /* CDH_PhotoBrowserLayout.swift */ = {isa = PBXFileReference; fileEncoding = 4; lastKnownFileType = sourcecode.swift; path = CDH_PhotoBrowserLayout.swift; sourceTree = "<group>"; };
		8386D6091D52D51B00C7B98F /* CDH_PhotoBrowserCell.swift */ = {isa = PBXFileReference; fileEncoding = 4; lastKnownFileType = sourcecode.swift; path = CDH_PhotoBrowserCell.swift; sourceTree = "<group>"; };
		8386D6621D54D18900C7B98F /* CDH_PhotoBrowserAnimator.swift */ = {isa = PBXFileReference; fileEncoding = 4; lastKnownFileType = sourcecode.swift; path = CDH_PhotoBrowserAnimator.swift; sourceTree = "<group>"; };
		B127A3EE6D5A055053AF4071 /* Pods-PhotoBrowser.debug.xcconfig */ = {isa = PBXFileReference; includeInIndex = 1; lastKnownFileType = text.xcconfig; name = "Pods-PhotoBrowser.debug.xcconfig"; path = "Pods/Target Support Files/Pods-PhotoBrowser/Pods-PhotoBrowser.debug.xcconfig"; sourceTree = "<group>"; };
		C27D33DF29D7A56840B071DD /* Pods-PhotoBrowser.release.xcconfig */ = {isa = PBXFileReference; includeInIndex = 1; lastKnownFileType = text.xcconfig; name = "Pods-PhotoBrowser.release.xcconfig"; path = "Pods/Target Support Files/Pods-PhotoBrowser/Pods-PhotoBrowser.release.xcconfig"; sourceTree = "<group>"; };
/* End PBXFileReference section */

/* Begin PBXFrameworksBuildPhase section */
		8386D5D21D522CB100C7B98F /* Frameworks */ = {
			isa = PBXFrameworksBuildPhase;
			buildActionMask = 2147483647;
			files = (
				701C253EEBF54C9AA4C318E5 /* Pods_PhotoBrowser.framework in Frameworks */,
			);
			runOnlyForDeploymentPostprocessing = 0;
		};
/* End PBXFrameworksBuildPhase section */

/* Begin PBXGroup section */
		10407BC3DE2574C921567DC8 /* Pods */ = {
			isa = PBXGroup;
			children = (
				B127A3EE6D5A055053AF4071 /* Pods-PhotoBrowser.debug.xcconfig */,
				C27D33DF29D7A56840B071DD /* Pods-PhotoBrowser.release.xcconfig */,
			);
			name = Pods;
			sourceTree = "<group>";
		};
		8386D5CC1D522CB000C7B98F = {
			isa = PBXGroup;
			children = (
				8386D5D71D522CB100C7B98F /* PhotoBrowser */,
				8386D5D61D522CB100C7B98F /* Products */,
				10407BC3DE2574C921567DC8 /* Pods */,
				EF1F42A985364900C117F8D8 /* Frameworks */,
			);
			sourceTree = "<group>";
		};
		8386D5D61D522CB100C7B98F /* Products */ = {
			isa = PBXGroup;
			children = (
				8386D5D51D522CB100C7B98F /* PhotoBrowser.app */,
			);
			name = Products;
			sourceTree = "<group>";
		};
		8386D5D71D522CB100C7B98F /* PhotoBrowser */ = {
			isa = PBXGroup;
			children = (
				8386D5EA1D52312D00C7B98F /* Classes */,
				8386D5D81D522CB100C7B98F /* AppDelegate.swift */,
				8386D5DC1D522CB100C7B98F /* Main.storyboard */,
				8386D5DF1D522CB100C7B98F /* Assets.xcassets */,
				8386D5E11D522CB100C7B98F /* LaunchScreen.storyboard */,
				8386D5E41D522CB100C7B98F /* Info.plist */,
			);
			path = PhotoBrowser;
			sourceTree = "<group>";
		};
		8386D5EA1D52312D00C7B98F /* Classes */ = {
			isa = PBXGroup;
			children = (
				8386D5F61D5262F400C7B98F /* Home */,
				8386D5EC1D52312D00C7B98F /* PhotoBrowser */,
				8386D5ED1D52312D00C7B98F /* Tool */,
			);
			path = Classes;
			sourceTree = "<group>";
		};
		8386D5EC1D52312D00C7B98F /* PhotoBrowser */ = {
			isa = PBXGroup;
			children = (
				8386D6021D52C6E400C7B98F /* Controller */,
				8386D6031D52C6E400C7B98F /* Model */,
				8386D6041D52C6E400C7B98F /* View */,
			);
			path = PhotoBrowser;
			sourceTree = "<group>";
		};
		8386D5ED1D52312D00C7B98F /* Tool */ = {
			isa = PBXGroup;
			children = (
				8386D5F41D525C5700C7B98F /* CDH_NetWorkTools.swift */,
			);
			path = Tool;
			sourceTree = "<group>";
		};
		8386D5F61D5262F400C7B98F /* Home */ = {
			isa = PBXGroup;
			children = (
				8386D5F71D5262F400C7B98F /* Controller */,
				8386D5F91D5262F400C7B98F /* Model */,
				8386D5FA1D5262F400C7B98F /* View */,
			);
			path = Home;
			sourceTree = "<group>";
		};
		8386D5F71D5262F400C7B98F /* Controller */ = {
			isa = PBXGroup;
			children = (
				8386D5F81D5262F400C7B98F /* CDH_HomeViewController.swift */,
			);
			path = Controller;
			sourceTree = "<group>";
		};
		8386D5F91D5262F400C7B98F /* Model */ = {
			isa = PBXGroup;
			children = (
				8386D5FE1D52631200C7B98F /* CDH_ShopItem.swift */,
			);
			path = Model;
			sourceTree = "<group>";
		};
		8386D5FA1D5262F400C7B98F /* View */ = {
			isa = PBXGroup;
			children = (
				8386D5FB1D5262F400C7B98F /* CDH_HomeCollectionViewLayout.swift */,
				8386D6001D52654F00C7B98F /* CDH_HomeCollectionViewCell.swift */,
			);
			path = View;
			sourceTree = "<group>";
		};
		8386D6021D52C6E400C7B98F /* Controller */ = {
			isa = PBXGroup;
			children = (
				8386D6051D52C73200C7B98F /* CDH_PhotoBrowserController.swift */,
				8386D6621D54D18900C7B98F /* CDH_PhotoBrowserAnimator.swift */,
			);
			path = Controller;
			sourceTree = "<group>";
		};
		8386D6031D52C6E400C7B98F /* Model */ = {
			isa = PBXGroup;
			children = (
			);
			path = Model;
			sourceTree = "<group>";
		};
		8386D6041D52C6E400C7B98F /* View */ = {
			isa = PBXGroup;
			children = (
				8386D6071D52C78300C7B98F /* CDH_PhotoBrowserLayout.swift */,
				8386D6091D52D51B00C7B98F /* CDH_PhotoBrowserCell.swift */,
			);
			path = View;
			sourceTree = "<group>";
		};
		EF1F42A985364900C117F8D8 /* Frameworks */ = {
			isa = PBXGroup;
			children = (
				3CBFE55F29E989EF156794CA /* Pods_PhotoBrowser.framework */,
			);
			name = Frameworks;
			sourceTree = "<group>";
		};
/* End PBXGroup section */

/* Begin PBXNativeTarget section */
		8386D5D41D522CB100C7B98F /* PhotoBrowser */ = {
			isa = PBXNativeTarget;
			buildConfigurationList = 8386D5E71D522CB100C7B98F /* Build configuration list for PBXNativeTarget "PhotoBrowser" */;
			buildPhases = (
				50CDAEE506D2545B671DA1E0 /* [CP] Check Pods Manifest.lock */,
				8386D5D11D522CB100C7B98F /* Sources */,
				8386D5D21D522CB100C7B98F /* Frameworks */,
				8386D5D31D522CB100C7B98F /* Resources */,
				9BD6E2A82DE60AAAC60F72F8 /* [CP] Embed Pods Frameworks */,
				6B373FBB408F51D43A79C1F9 /* [CP] Copy Pods Resources */,
			);
			buildRules = (
			);
			dependencies = (
			);
			name = PhotoBrowser;
			productName = PhotoBrowser;
			productReference = 8386D5D51D522CB100C7B98F /* PhotoBrowser.app */;
			productType = "com.apple.product-type.application";
		};
/* End PBXNativeTarget section */

/* Begin PBXProject section */
		8386D5CD1D522CB000C7B98F /* Project object */ = {
			isa = PBXProject;
			attributes = {
				CLASSPREFIX = CDH_;
				LastSwiftUpdateCheck = 0730;
				LastUpgradeCheck = 0730;
				ORGANIZATIONNAME = CDH;
				TargetAttributes = {
					8386D5D41D522CB100C7B98F = {
						CreatedOnToolsVersion = 7.3.1;
					};
				};
			};
			buildConfigurationList = 8386D5D01D522CB000C7B98F /* Build configuration list for PBXProject "PhotoBrowser" */;
			compatibilityVersion = "Xcode 3.2";
			developmentRegion = English;
			hasScannedForEncodings = 0;
			knownRegions = (
				en,
				Base,
			);
			mainGroup = 8386D5CC1D522CB000C7B98F;
			productRefGroup = 8386D5D61D522CB100C7B98F /* Products */;
			projectDirPath = "";
			projectRoot = "";
			targets = (
				8386D5D41D522CB100C7B98F /* PhotoBrowser */,
			);
		};
/* End PBXProject section */

/* Begin PBXResourcesBuildPhase section */
		8386D5D31D522CB100C7B98F /* Resources */ = {
			isa = PBXResourcesBuildPhase;
			buildActionMask = 2147483647;
			files = (
				8386D5E31D522CB100C7B98F /* LaunchScreen.storyboard in Resources */,
				8386D5E01D522CB100C7B98F /* Assets.xcassets in Resources */,
				8386D5DE1D522CB100C7B98F /* Main.storyboard in Resources */,
			);
			runOnlyForDeploymentPostprocessing = 0;
		};
/* End PBXResourcesBuildPhase section */

/* Begin PBXShellScriptBuildPhase section */
		50CDAEE506D2545B671DA1E0 /* [CP] Check Pods Manifest.lock */ = {
			isa = PBXShellScriptBuildPhase;
			buildActionMask = 2147483647;
			files = (
			);
			inputPaths = (
			);
			name = "[CP] Check Pods Manifest.lock";
			outputPaths = (
			);
			runOnlyForDeploymentPostprocessing = 0;
			shellPath = /bin/sh;
			shellScript = "diff \"${PODS_ROOT}/../Podfile.lock\" \"${PODS_ROOT}/Manifest.lock\" > /dev/null\nif [[ $? != 0 ]] ; then\n    cat << EOM\nerror: The sandbox is not in sync with the Podfile.lock. Run 'pod install' or update your CocoaPods installation.\nEOM\n    exit 1\nfi\n";
			showEnvVarsInLog = 0;
		};
		6B373FBB408F51D43A79C1F9 /* [CP] Copy Pods Resources */ = {
			isa = PBXShellScriptBuildPhase;
			buildActionMask = 2147483647;
			files = (
			);
			inputPaths = (
			);
			name = "[CP] Copy Pods Resources";
			outputPaths = (
			);
			runOnlyForDeploymentPostprocessing = 0;
			shellPath = /bin/sh;
			shellScript = "\"${SRCROOT}/Pods/Target Support Files/Pods-PhotoBrowser/Pods-PhotoBrowser-resources.sh\"\n";
			showEnvVarsInLog = 0;
		};
		9BD6E2A82DE60AAAC60F72F8 /* [CP] Embed Pods Frameworks */ = {
			isa = PBXShellScriptBuildPhase;
			buildActionMask = 2147483647;
			files = (
			);
			inputPaths = (
			);
			name = "[CP] Embed Pods Frameworks";
			outputPaths = (
			);
			runOnlyForDeploymentPostprocessing = 0;
			shellPath = /bin/sh;
			shellScript = "\"${SRCROOT}/Pods/Target Support Files/Pods-PhotoBrowser/Pods-PhotoBrowser-frameworks.sh\"\n";
			showEnvVarsInLog = 0;
		};
/* End PBXShellScriptBuildPhase section */

/* Begin PBXSourcesBuildPhase section */
		8386D5D11D522CB100C7B98F /* Sources */ = {
			isa = PBXSourcesBuildPhase;
			buildActionMask = 2147483647;
			files = (
				8386D5D91D522CB100C7B98F /* AppDelegate.swift in Sources */,
				8386D6081D52C78300C7B98F /* CDH_PhotoBrowserLayout.swift in Sources */,
				8386D6631D54D18900C7B98F /* CDH_PhotoBrowserAnimator.swift in Sources */,
				8386D5FD1D5262F400C7B98F /* CDH_HomeCollectionViewLayout.swift in Sources */,
				8386D6011D52654F00C7B98F /* CDH_HomeCollectionViewCell.swift in Sources */,
				8386D6061D52C73200C7B98F /* CDH_PhotoBrowserController.swift in Sources */,
				8386D60A1D52D51B00C7B98F /* CDH_PhotoBrowserCell.swift in Sources */,
				8386D5F51D525C5700C7B98F /* CDH_NetWorkTools.swift in Sources */,
				8386D5FF1D52631200C7B98F /* CDH_ShopItem.swift in Sources */,
				8386D5FC1D5262F400C7B98F /* CDH_HomeViewController.swift in Sources */,
			);
			runOnlyForDeploymentPostprocessing = 0;
		};
/* End PBXSourcesBuildPhase section */

/* Begin PBXVariantGroup section */
		8386D5DC1D522CB100C7B98F /* Main.storyboard */ = {
			isa = PBXVariantGroup;
			children = (
				8386D5DD1D522CB100C7B98F /* Base */,
			);
			name = Main.storyboard;
			sourceTree = "<group>";
		};
		8386D5E11D522CB100C7B98F /* LaunchScreen.storyboard */ = {
			isa = PBXVariantGroup;
			children = (
				8386D5E21D522CB100C7B98F /* Base */,
			);
			name = LaunchScreen.storyboard;
			sourceTree = "<group>";
		};
/* End PBXVariantGroup section */

/* Begin XCBuildConfiguration section */
		8386D5E51D522CB100C7B98F /* Debug */ = {
			isa = XCBuildConfiguration;
			buildSettings = {
				ALWAYS_SEARCH_USER_PATHS = NO;
				CLANG_ANALYZER_NONNULL = YES;
				CLANG_CXX_LANGUAGE_STANDARD = "gnu++0x";
				CLANG_CXX_LIBRARY = "libc++";
				CLANG_ENABLE_MODULES = YES;
				CLANG_ENABLE_OBJC_ARC = YES;
				CLANG_WARN_BOOL_CONVERSION = YES;
				CLANG_WARN_CONSTANT_CONVERSION = YES;
				CLANG_WARN_DIRECT_OBJC_ISA_USAGE = YES_ERROR;
				CLANG_WARN_EMPTY_BODY = YES;
				CLANG_WARN_ENUM_CONVERSION = YES;
				CLANG_WARN_INT_CONVERSION = YES;
				CLANG_WARN_OBJC_ROOT_CLASS = YES_ERROR;
				CLANG_WARN_UNREACHABLE_CODE = YES;
				CLANG_WARN__DUPLICATE_METHOD_MATCH = YES;
				"CODE_SIGN_IDENTITY[sdk=iphoneos*]" = "iPhone Developer";
				COPY_PHASE_STRIP = NO;
				DEBUG_INFORMATION_FORMAT = dwarf;
				ENABLE_STRICT_OBJC_MSGSEND = YES;
				ENABLE_TESTABILITY = YES;
				GCC_C_LANGUAGE_STANDARD = gnu99;
				GCC_DYNAMIC_NO_PIC = NO;
				GCC_NO_COMMON_BLOCKS = YES;
				GCC_OPTIMIZATION_LEVEL = 0;
				GCC_PREPROCESSOR_DEFINITIONS = (
					"DEBUG=1",
					"$(inherited)",
				);
				GCC_WARN_64_TO_32_BIT_CONVERSION = YES;
				GCC_WARN_ABOUT_RETURN_TYPE = YES_ERROR;
				GCC_WARN_UNDECLARED_SELECTOR = YES;
				GCC_WARN_UNINITIALIZED_AUTOS = YES_AGGRESSIVE;
				GCC_WARN_UNUSED_FUNCTION = YES;
				GCC_WARN_UNUSED_VARIABLE = YES;
				IPHONEOS_DEPLOYMENT_TARGET = 9.3;
				MTL_ENABLE_DEBUG_INFO = YES;
				ONLY_ACTIVE_ARCH = YES;
				SDKROOT = iphoneos;
				SWIFT_OPTIMIZATION_LEVEL = "-Onone";
				TARGETED_DEVICE_FAMILY = "1,2";
			};
			name = Debug;
		};
		8386D5E61D522CB100C7B98F /* Release */ = {
			isa = XCBuildConfiguration;
			buildSettings = {
				ALWAYS_SEARCH_USER_PATHS = NO;
				CLANG_ANALYZER_NONNULL = YES;
				CLANG_CXX_LANGUAGE_STANDARD = "gnu++0x";
				CLANG_CXX_LIBRARY = "libc++";
				CLANG_ENABLE_MODULES = YES;
				CLANG_ENABLE_OBJC_ARC = YES;
				CLANG_WARN_BOOL_CONVERSION = YES;
				CLANG_WARN_CONSTANT_CONVERSION = YES;
				CLANG_WARN_DIRECT_OBJC_ISA_USAGE = YES_ERROR;
				CLANG_WARN_EMPTY_BODY = YES;
				CLANG_WARN_ENUM_CONVERSION = YES;
				CLANG_WARN_INT_CONVERSION = YES;
				CLANG_WARN_OBJC_ROOT_CLASS = YES_ERROR;
				CLANG_WARN_UNREACHABLE_CODE = YES;
				CLANG_WARN__DUPLICATE_METHOD_MATCH = YES;
				"CODE_SIGN_IDENTITY[sdk=iphoneos*]" = "iPhone Developer";
				COPY_PHASE_STRIP = NO;
				DEBUG_INFORMATION_FORMAT = "dwarf-with-dsym";
				ENABLE_NS_ASSERTIONS = NO;
				ENABLE_STRICT_OBJC_MSGSEND = YES;
				GCC_C_LANGUAGE_STANDARD = gnu99;
				GCC_NO_COMMON_BLOCKS = YES;
				GCC_WARN_64_TO_32_BIT_CONVERSION = YES;
				GCC_WARN_ABOUT_RETURN_TYPE = YES_ERROR;
				GCC_WARN_UNDECLARED_SELECTOR = YES;
				GCC_WARN_UNINITIALIZED_AUTOS = YES_AGGRESSIVE;
				GCC_WARN_UNUSED_FUNCTION = YES;
				GCC_WARN_UNUSED_VARIABLE = YES;
				IPHONEOS_DEPLOYMENT_TARGET = 9.3;
				MTL_ENABLE_DEBUG_INFO = NO;
				SDKROOT = iphoneos;
				TARGETED_DEVICE_FAMILY = "1,2";
				VALIDATE_PRODUCT = YES;
			};
			name = Release;
		};
		8386D5E81D522CB100C7B98F /* Debug */ = {
			isa = XCBuildConfiguration;
			baseConfigurationReference = B127A3EE6D5A055053AF4071 /* Pods-PhotoBrowser.debug.xcconfig */;
			buildSettings = {
				ASSETCATALOG_COMPILER_APPICON_NAME = AppIcon;
				ASSETCATALOG_COMPILER_LAUNCHIMAGE_NAME = "Brand Assets";
				INFOPLIST_FILE = PhotoBrowser/Info.plist;
				IPHONEOS_DEPLOYMENT_TARGET = 8.0;
				LD_RUNPATH_SEARCH_PATHS = "$(inherited) @executable_path/Frameworks";
				PRODUCT_BUNDLE_IDENTIFIER = com.chendehao.PhotoBrowser;
				PRODUCT_NAME = "$(TARGET_NAME)";
				TARGETED_DEVICE_FAMILY = 1;
			};
			name = Debug;
		};
		8386D5E91D522CB100C7B98F /* Release */ = {
			isa = XCBuildConfiguration;
			baseConfigurationReference = C27D33DF29D7A56840B071DD /* Pods-PhotoBrowser.release.xcconfig */;
			buildSettings = {
				ASSETCATALOG_COMPILER_APPICON_NAME = AppIcon;
				ASSETCATALOG_COMPILER_LAUNCHIMAGE_NAME = "Brand Assets";
				INFOPLIST_FILE = PhotoBrowser/Info.plist;
				IPHONEOS_DEPLOYMENT_TARGET = 8.0;
				LD_RUNPATH_SEARCH_PATHS = "$(inherited) @executable_path/Frameworks";
				PRODUCT_BUNDLE_IDENTIFIER = com.chendehao.PhotoBrowser;
				PRODUCT_NAME = "$(TARGET_NAME)";
				TARGETED_DEVICE_FAMILY = 1;
			};
			name = Release;
		};
/* End XCBuildConfiguration section */

/* Begin XCConfigurationList section */
		8386D5D01D522CB000C7B98F /* Build configuration list for PBXProject "PhotoBrowser" */ = {
			isa = XCConfigurationList;
			buildConfigurations = (
				8386D5E51D522CB100C7B98F /* Debug */,
				8386D5E61D522CB100C7B98F /* Release */,
			);
			defaultConfigurationIsVisible = 0;
			defaultConfigurationName = Release;
		};
		8386D5E71D522CB100C7B98F /* Build configuration list for PBXNativeTarget "PhotoBrowser" */ = {
			isa = XCConfigurationList;
			buildConfigurations = (
				8386D5E81D522CB100C7B98F /* Debug */,
				8386D5E91D522CB100C7B98F /* Release */,
			);
			defaultConfigurationIsVisible = 0;
			defaultConfigurationName = Release;
		};
/* End XCConfigurationList section */
	};
	rootObject = 8386D5CD1D522CB000C7B98F /* Project object */;
}
